
Microsoft Visual Studio Solution File, Format Version 12.00
# Visual Studio 15
VisualStudioVersion = 15.0.27130.2024
MinimumVisualStudioVersion = 10.0.40219.1
Project("{FAE04EC0-301F-11D3-BF4B-00C04F79EFBC}") = "ClassNewSolution", "ClassNewSolution\ClassNewSolution.csproj", "{2868D5A1-B61B-4ACF-A2A1-64ABF5F1F23E}"
EndProject
Global
	GlobalSection(SolutionConfigurationPlatforms) = preSolution
		Debug|Any CPU = Debug|Any CPU
		Release|Any CPU = Release|Any CPU
	EndGlobalSection
	GlobalSection(ProjectConfigurationPlatforms) = postSolution
		{2868D5A1-B61B-4ACF-A2A1-64ABF5F1F23E}.Debug|Any CPU.ActiveCfg = Debug|Any CPU
		{2868D5A1-B61B-4ACF-A2A1-64ABF5F1F23E}.Debug|Any CPU.Build.0 = Debug|Any CPU
		{2868D5A1-B61B-4ACF-A2A1-64ABF5F1F23E}.Release|Any CPU.ActiveCfg = Release|Any CPU
		{2868D5A1-B61B-4ACF-A2A1-64ABF5F1F23E}.Release|Any CPU.Build.0 = Release|Any CPU
	EndGlobalSection
	GlobalSection(SolutionProperties) = preSolution
		HideSolutionNode = FALSE
	EndGlobalSection
	GlobalSection(ExtensibilityGlobals) = postSolution
		SolutionGuid = {BAD54B9A-EE28-455B-84FB-07940A3C7E62}
	EndGlobalSection
EndGlobal
